
Microsoft Visual Studio Solution File, Format Version 12.00
# Visual Studio 15
VisualStudioVersion = 15.0.27130.2024
MinimumVisualStudioVersion = 10.0.40219.1
Project("{FAE04EC0-301F-11D3-BF4B-00C04F79EFBC}") = "SMS", "SMS\SMS.csproj", "{2878F98C-EBF4-41D1-B703-19575C5ECB96}"
EndProject
Global
	GlobalSection(SolutionConfigurationPlatforms) = preSolution
		Debug|Any CPU = Debug|Any CPU
		Release|Any CPU = Release|Any CPU
	EndGlobalSection
	GlobalSection(ProjectConfigurationPlatforms) = postSolution
		{2878F98C-EBF4-41D1-B703-19575C5ECB96}.Debug|Any CPU.ActiveCfg = Debug|Any CPU
		{2878F98C-EBF4-41D1-B703-19575C5ECB96}.Debug|Any CPU.Build.0 = Debug|Any CPU
		{2878F98C-EBF4-41D1-B703-19575C5ECB96}.Release|Any CPU.ActiveCfg = Release|Any CPU
		{2878F98C-EBF4-41D1-B703-19575C5ECB96}.Release|Any CPU.Build.0 = Release|Any CPU
	EndGlobalSection
	GlobalSection(SolutionProperties) = preSolution
		HideSolutionNode = FALSE
	EndGlobalSection
	GlobalSection(ExtensibilityGlobals) = postSolution
		SolutionGuid = {D6436EAC-2247-46CE-918A-109EA6B0429F}
	EndGlobalSection
EndGlobal
